
Microsoft Visual Studio Solution File, Format Version 12.00
# Visual Studio 15
VisualStudioVersion = 15.0.27130.2027
MinimumVisualStudioVersion = 10.0.40219.1
Project("{FAE04EC0-301F-11D3-BF4B-00C04F79EFBC}") = "WPFTest1", "WPFTest1\WPFTest1.csproj", "{D5C65F28-F2C7-4B95-8219-990D08A276D2}"
EndProject
Global
	GlobalSection(SolutionConfigurationPlatforms) = preSolution
		Debug|Any CPU = Debug|Any CPU
		Release|Any CPU = Release|Any CPU
	EndGlobalSection
	GlobalSection(ProjectConfigurationPlatforms) = postSolution
		{D5C65F28-F2C7-4B95-8219-990D08A276D2}.Debug|Any CPU.ActiveCfg = Debug|Any CPU
		{D5C65F28-F2C7-4B95-8219-990D08A276D2}.Debug|Any CPU.Build.0 = Debug|Any CPU
		{D5C65F28-F2C7-4B95-8219-990D08A276D2}.Release|Any CPU.ActiveCfg = Release|Any CPU
		{D5C65F28-F2C7-4B95-8219-990D08A276D2}.Release|Any CPU.Build.0 = Release|Any CPU
	EndGlobalSection
	GlobalSection(SolutionProperties) = preSolution
		HideSolutionNode = FALSE
	EndGlobalSection
	GlobalSection(ExtensibilityGlobals) = postSolution
		SolutionGuid = {0D666EE8-9288-45E6-A39F-EFA1EF8BEDA3}
	EndGlobalSection
EndGlobal
